
Microsoft Visual Studio Solution File, Format Version 12.00
# Visual Studio Version 17
VisualStudioVersion = 17.0.31903.59
MinimumVisualStudioVersion = 10.0.40219.1
Project("{2150E333-8FDC-42A3-9474-1A3956D46DE8}") = "src", "src", "{827E0CD3-B72D-47B6-A68D-7590B98EB39B}"
EndProject
Project("{FAE04EC0-301F-11D3-BF4B-00C04F79EFBC}") = "LandaDoc.Shared", "src\LandaDoc.Shared\LandaDoc.Shared.csproj", "{1C366011-E5A1-4667-95D2-554AF6CD8320}"
EndProject
Project("{FAE04EC0-301F-11D3-BF4B-00C04F79EFBC}") = "LandaDoc.Gateway", "src\LandaDoc.Gateway\LandaDoc.Gateway.csproj", "{0055906E-2956-4A0A-B46B-D744E1BE0C08}"
EndProject
Project("{FAE04EC0-301F-11D3-BF4B-00C04F79EFBC}") = "LandaDoc.Admin", "src\Services\Admin\LandaDoc.Admin.csproj", "{D1D32221-F7DD-436E-BA3D-0072564F14CF}"
EndProject
Project("{FAE04EC0-301F-11D3-BF4B-00C04F79EFBC}") = "LandaDoc.Appointment", "src\Services\Appointment\LandaDoc.Appointment.csproj", "{F9F856B8-7944-481C-8E0B-489AB898DAA0}"
EndProject
Project("{FAE04EC0-301F-11D3-BF4B-00C04F79EFBC}") = "LandaDoc.Availability", "src\Services\Availability\LandaDoc.Availability.csproj", "{DCB2E64E-58CA-4DDF-8B2A-4292A73B9238}"
EndProject
Project("{FAE04EC0-301F-11D3-BF4B-00C04F79EFBC}") = "LandaDoc.Document", "src\Services\Document\LandaDoc.Document.csproj", "{B972ECFE-99A6-4E53-86C6-523C0F5E1FDD}"
EndProject
Project("{FAE04EC0-301F-11D3-BF4B-00C04F79EFBC}") = "LandaDoc.Identity", "src\Services\Identity\LandaDoc.Identity.csproj", "{379099C1-9AC2-4BF6-8527-DB54BD9B6024}"
EndProject
Project("{FAE04EC0-301F-11D3-BF4B-00C04F79EFBC}") = "LandaDoc.Notification", "src\Services\Notification\LandaDoc.Notification.csproj", "{0747476C-415B-4407-B250-34C424FD5475}"
EndProject
Project("{FAE04EC0-301F-11D3-BF4B-00C04F79EFBC}") = "LandaDoc.Payment", "src\Services\Payment\LandaDoc.Payment.csproj", "{23738780-211D-494B-90AB-ECCEC5621C45}"
EndProject
Project("{FAE04EC0-301F-11D3-BF4B-00C04F79EFBC}") = "LandaDoc.Review", "src\Services\Review\LandaDoc.Review.csproj", "{9AC91C02-4127-4C6E-9E4F-3F6EA6480628}"
EndProject
Project("{FAE04EC0-301F-11D3-BF4B-00C04F79EFBC}") = "LandaDoc.Search", "src\Services\Search\LandaDoc.Search.csproj", "{DAEBF254-D8C3-4636-AF31-6ACCECB14654}"
EndProject
Global
	GlobalSection(SolutionConfigurationPlatforms) = preSolution
		Debug|Any CPU = Debug|Any CPU
		Debug|x64 = Debug|x64
		Debug|x86 = Debug|x86
		Release|Any CPU = Release|Any CPU
		Release|x64 = Release|x64
		Release|x86 = Release|x86
	EndGlobalSection
	GlobalSection(ProjectConfigurationPlatforms) = postSolution
		{1C366011-E5A1-4667-95D2-554AF6CD8320}.Debug|Any CPU.ActiveCfg = Debug|Any CPU
		{1C366011-E5A1-4667-95D2-554AF6CD8320}.Debug|Any CPU.Build.0 = Debug|Any CPU
		{1C366011-E5A1-4667-95D2-554AF6CD8320}.Debug|x64.ActiveCfg = Debug|Any CPU
		{1C366011-E5A1-4667-95D2-554AF6CD8320}.Debug|x64.Build.0 = Debug|Any CPU
		{1C366011-E5A1-4667-95D2-554AF6CD8320}.Debug|x86.ActiveCfg = Debug|Any CPU
		{1C366011-E5A1-4667-95D2-554AF6CD8320}.Debug|x86.Build.0 = Debug|Any CPU
		{1C366011-E5A1-4667-95D2-554AF6CD8320}.Release|Any CPU.ActiveCfg = Release|Any CPU
		{1C366011-E5A1-4667-95D2-554AF6CD8320}.Release|Any CPU.Build.0 = Release|Any CPU
		{1C366011-E5A1-4667-95D2-554AF6CD8320}.Release|x64.ActiveCfg = Release|Any CPU
		{1C366011-E5A1-4667-95D2-554AF6CD8320}.Release|x64.Build.0 = Release|Any CPU
		{1C366011-E5A1-4667-95D2-554AF6CD8320}.Release|x86.ActiveCfg = Release|Any CPU
		{1C366011-E5A1-4667-95D2-554AF6CD8320}.Release|x86.Build.0 = Release|Any CPU
		{0055906E-2956-4A0A-B46B-D744E1BE0C08}.Debug|Any CPU.ActiveCfg = Debug|Any CPU
		{0055906E-2956-4A0A-B46B-D744E1BE0C08}.Debug|Any CPU.Build.0 = Debug|Any CPU
		{0055906E-2956-4A0A-B46B-D744E1BE0C08}.Debug|x64.ActiveCfg = Debug|Any CPU
		{0055906E-2956-4A0A-B46B-D744E1BE0C08}.Debug|x64.Build.0 = Debug|Any CPU
		{0055906E-2956-4A0A-B46B-D744E1BE0C08}.Debug|x86.ActiveCfg = Debug|Any CPU
		{0055906E-2956-4A0A-B46B-D744E1BE0C08}.Debug|x86.Build.0 = Debug|Any CPU
		{0055906E-2956-4A0A-B46B-D744E1BE0C08}.Release|Any CPU.ActiveCfg = Release|Any CPU
		{0055906E-2956-4A0A-B46B-D744E1BE0C08}.Release|Any CPU.Build.0 = Release|Any CPU
		{0055906E-2956-4A0A-B46B-D744E1BE0C08}.Release|x64.ActiveCfg = Release|Any CPU
		{0055906E-2956-4A0A-B46B-D744E1BE0C08}.Release|x64.Build.0 = Release|Any CPU
		{0055906E-2956-4A0A-B46B-D744E1BE0C08}.Release|x86.ActiveCfg = Release|Any CPU
		{0055906E-2956-4A0A-B46B-D744E1BE0C08}.Release|x86.Build.0 = Release|Any CPU
		{D1D32221-F7DD-436E-BA3D-0072564F14CF}.Debug|Any CPU.ActiveCfg = Debug|Any CPU
		{D1D32221-F7DD-436E-BA3D-0072564F14CF}.Debug|Any CPU.Build.0 = Debug|Any CPU
		{D1D32221-F7DD-436E-BA3D-0072564F14CF}.Debug|x64.ActiveCfg = Debug|Any CPU
		{D1D32221-F7DD-436E-BA3D-0072564F14CF}.Debug|x64.Build.0 = Debug|Any CPU
		{D1D32221-F7DD-436E-BA3D-0072564F14CF}.Debug|x86.ActiveCfg = Debug|Any CPU
		{D1D32221-F7DD-436E-BA3D-0072564F14CF}.Debug|x86.Build.0 = Debug|Any CPU
		{D1D32221-F7DD-436E-BA3D-0072564F14CF}.Release|Any CPU.ActiveCfg = Release|Any CPU
		{D1D32221-F7DD-436E-BA3D-0072564F14CF}.Release|Any CPU.Build.0 = Release|Any CPU
		{D1D32221-F7DD-436E-BA3D-0072564F14CF}.Release|x64.ActiveCfg = Release|Any CPU
		{D1D32221-F7DD-436E-BA3D-0072564F14CF}.Release|x64.Build.0 = Release|Any CPU
		{D1D32221-F7DD-436E-BA3D-0072564F14CF}.Release|x86.ActiveCfg = Release|Any CPU
		{D1D32221-F7DD-436E-BA3D-0072564F14CF}.Release|x86.Build.0 = Release|Any CPU
		{F9F856B8-7944-481C-8E0B-489AB898DAA0}.Debug|Any CPU.ActiveCfg = Debug|Any CPU
		{F9F856B8-7944-481C-8E0B-489AB898DAA0}.Debug|Any CPU.Build.0 = Debug|Any CPU
		{F9F856B8-7944-481C-8E0B-489AB898DAA0}.Debug|x64.ActiveCfg = Debug|Any CPU
		{F9F856B8-7944-481C-8E0B-489AB898DAA0}.Debug|x64.Build.0 = Debug|Any CPU
		{F9F856B8-7944-481C-8E0B-489AB898DAA0}.Debug|x86.ActiveCfg = Debug|Any CPU
		{F9F856B8-7944-481C-8E0B-489AB898DAA0}.Debug|x86.Build.0 = Debug|Any CPU
		{F9F856B8-7944-481C-8E0B-489AB898DAA0}.Release|Any CPU.ActiveCfg = Release|Any CPU
		{F9F856B8-7944-481C-8E0B-489AB898DAA0}.Release|Any CPU.Build.0 = Release|Any CPU
		{F9F856B8-7944-481C-8E0B-489AB898DAA0}.Release|x64.ActiveCfg = Release|Any CPU
		{F9F856B8-7944-481C-8E0B-489AB898DAA0}.Release|x64.Build.0 = Release|Any CPU
		{F9F856B8-7944-481C-8E0B-489AB898DAA0}.Release|x86.ActiveCfg = Release|Any CPU
		{F9F856B8-7944-481C-8E0B-489AB898DAA0}.Release|x86.Build.0 = Release|Any CPU
		{DCB2E64E-58CA-4DDF-8B2A-4292A73B9238}.Debug|Any CPU.ActiveCfg = Debug|Any CPU
		{DCB2E64E-58CA-4DDF-8B2A-4292A73B9238}.Debug|Any CPU.Build.0 = Debug|Any CPU
		{DCB2E64E-58CA-4DDF-8B2A-4292A73B9238}.Debug|x64.ActiveCfg = Debug|Any CPU
		{DCB2E64E-58CA-4DDF-8B2A-4292A73B9238}.Debug|x64.Build.0 = Debug|Any CPU
		{DCB2E64E-58CA-4DDF-8B2A-4292A73B9238}.Debug|x86.ActiveCfg = Debug|Any CPU
		{DCB2E64E-58CA-4DDF-8B2A-4292A73B9238}.Debug|x86.Build.0 = Debug|Any CPU
		{DCB2E64E-58CA-4DDF-8B2A-4292A73B9238}.Release|Any CPU.ActiveCfg = Release|Any CPU
		{DCB2E64E-58CA-4DDF-8B2A-4292A73B9238}.Release|Any CPU.Build.0 = Release|Any CPU
		{DCB2E64E-58CA-4DDF-8B2A-4292A73B9238}.Release|x64.ActiveCfg = Release|Any CPU
		{DCB2E64E-58CA-4DDF-8B2A-4292A73B9238}.Release|x64.Build.0 = Release|Any CPU
		{DCB2E64E-58CA-4DDF-8B2A-4292A73B9238}.Release|x86.ActiveCfg = Release|Any CPU
		{DCB2E64E-58CA-4DDF-8B2A-4292A73B9238}.Release|x86.Build.0 = Release|Any CPU
		{B972ECFE-99A6-4E53-86C6-523C0F5E1FDD}.Debug|Any CPU.ActiveCfg = Debug|Any CPU
		{B972ECFE-99A6-4E53-86C6-523C0F5E1FDD}.Debug|Any CPU.Build.0 = Debug|Any CPU
		{B972ECFE-99A6-4E53-86C6-523C0F5E1FDD}.Debug|x64.ActiveCfg = Debug|Any CPU
		{B972ECFE-99A6-4E53-86C6-523C0F5E1FDD}.Debug|x64.Build.0 = Debug|Any CPU
		{B972ECFE-99A6-4E53-86C6-523C0F5E1FDD}.Debug|x86.ActiveCfg = Debug|Any CPU
		{B972ECFE-99A6-4E53-86C6-523C0F5E1FDD}.Debug|x86.Build.0 = Debug|Any CPU
		{B972ECFE-99A6-4E53-86C6-523C0F5E1FDD}.Release|Any CPU.ActiveCfg = Release|Any CPU
		{B972ECFE-99A6-4E53-86C6-523C0F5E1FDD}.Release|Any CPU.Build.0 = Release|Any CPU
		{B972ECFE-99A6-4E53-86C6-523C0F5E1FDD}.Release|x64.ActiveCfg = Release|Any CPU
		{B972ECFE-99A6-4E53-86C6-523C0F5E1FDD}.Release|x64.Build.0 = Release|Any CPU
		{B972ECFE-99A6-4E53-86C6-523C0F5E1FDD}.Release|x86.ActiveCfg = Release|Any CPU
		{B972ECFE-99A6-4E53-86C6-523C0F5E1FDD}.Release|x86.Build.0 = Release|Any CPU
		{379099C1-9AC2-4BF6-8527-DB54BD9B6024}.Debug|Any CPU.ActiveCfg = Debug|Any CPU
		{379099C1-9AC2-4BF6-8527-DB54BD9B6024}.Debug|Any CPU.Build.0 = Debug|Any CPU
		{379099C1-9AC2-4BF6-8527-DB54BD9B6024}.Debug|x64.ActiveCfg = Debug|Any CPU
		{379099C1-9AC2-4BF6-8527-DB54BD9B6024}.Debug|x64.Build.0 = Debug|Any CPU
		{379099C1-9AC2-4BF6-8527-DB54BD9B6024}.Debug|x86.ActiveCfg = Debug|Any CPU
		{379099C1-9AC2-4BF6-8527-DB54BD9B6024}.Debug|x86.Build.0 = Debug|Any CPU
		{379099C1-9AC2-4BF6-8527-DB54BD9B6024}.Release|Any CPU.ActiveCfg = Release|Any CPU
		{379099C1-9AC2-4BF6-8527-DB54BD9B6024}.Release|Any CPU.Build.0 = Release|Any CPU
		{379099C1-9AC2-4BF6-8527-DB54BD9B6024}.Release|x64.ActiveCfg = Release|Any CPU
		{379099C1-9AC2-4BF6-8527-DB54BD9B6024}.Release|x64.Build.0 = Release|Any CPU
		{379099C1-9AC2-4BF6-8527-DB54BD9B6024}.Release|x86.ActiveCfg = Release|Any CPU
		{379099C1-9AC2-4BF6-8527-DB54BD9B6024}.Release|x86.Build.0 = Release|Any CPU
		{0747476C-415B-4407-B250-34C424FD5475}.Debug|Any CPU.ActiveCfg = Debug|Any CPU
		{0747476C-415B-4407-B250-34C424FD5475}.Debug|Any CPU.Build.0 = Debug|Any CPU
		{0747476C-415B-4407-B250-34C424FD5475}.Debug|x64.ActiveCfg = Debug|Any CPU
		{0747476C-415B-4407-B250-34C424FD5475}.Debug|x64.Build.0 = Debug|Any CPU
		{0747476C-415B-4407-B250-34C424FD5475}.Debug|x86.ActiveCfg = Debug|Any CPU
		{0747476C-415B-4407-B250-34C424FD5475}.Debug|x86.Build.0 = Debug|Any CPU
		{0747476C-415B-4407-B250-34C424FD5475}.Release|Any CPU.ActiveCfg = Release|Any CPU
		{0747476C-415B-4407-B250-34C424FD5475}.Release|Any CPU.Build.0 = Release|Any CPU
		{0747476C-415B-4407-B250-34C424FD5475}.Release|x64.ActiveCfg = Release|Any CPU
		{0747476C-415B-4407-B250-34C424FD5475}.Release|x64.Build.0 = Release|Any CPU
		{0747476C-415B-4407-B250-34C424FD5475}.Release|x86.ActiveCfg = Release|Any CPU
		{0747476C-415B-4407-B250-34C424FD5475}.Release|x86.Build.0 = Release|Any CPU
		{23738780-211D-494B-90AB-ECCEC5621C45}.Debug|Any CPU.ActiveCfg = Debug|Any CPU
		{23738780-211D-494B-90AB-ECCEC5621C45}.Debug|Any CPU.Build.0 = Debug|Any CPU
		{23738780-211D-494B-90AB-ECCEC5621C45}.Debug|x64.ActiveCfg = Debug|Any CPU
		{23738780-211D-494B-90AB-ECCEC5621C45}.Debug|x64.Build.0 = Debug|Any CPU
		{23738780-211D-494B-90AB-ECCEC5621C45}.Debug|x86.ActiveCfg = Debug|Any CPU
		{23738780-211D-494B-90AB-ECCEC5621C45}.Debug|x86.Build.0 = Debug|Any CPU
		{23738780-211D-494B-90AB-ECCEC5621C45}.Release|Any CPU.ActiveCfg = Release|Any CPU
		{23738780-211D-494B-90AB-ECCEC5621C45}.Release|Any CPU.Build.0 = Release|Any CPU
		{23738780-211D-494B-90AB-ECCEC5621C45}.Release|x64.ActiveCfg = Release|Any CPU
		{23738780-211D-494B-90AB-ECCEC5621C45}.Release|x64.Build.0 = Release|Any CPU
		{23738780-211D-494B-90AB-ECCEC5621C45}.Release|x86.ActiveCfg = Release|Any CPU
		{23738780-211D-494B-90AB-ECCEC5621C45}.Release|x86.Build.0 = Release|Any CPU
		{9AC91C02-4127-4C6E-9E4F-3F6EA6480628}.Debug|Any CPU.ActiveCfg = Debug|Any CPU
		{9AC91C02-4127-4C6E-9E4F-3F6EA6480628}.Debug|Any CPU.Build.0 = Debug|Any CPU
		{9AC91C02-4127-4C6E-9E4F-3F6EA6480628}.Debug|x64.ActiveCfg = Debug|Any CPU
		{9AC91C02-4127-4C6E-9E4F-3F6EA6480628}.Debug|x64.Build.0 = Debug|Any CPU
		{9AC91C02-4127-4C6E-9E4F-3F6EA6480628}.Debug|x86.ActiveCfg = Debug|Any CPU
		{9AC91C02-4127-4C6E-9E4F-3F6EA6480628}.Debug|x86.Build.0 = Debug|Any CPU
		{9AC91C02-4127-4C6E-9E4F-3F6EA6480628}.Release|Any CPU.ActiveCfg = Release|Any CPU
		{9AC91C02-4127-4C6E-9E4F-3F6EA6480628}.Release|Any CPU.Build.0 = Release|Any CPU
		{9AC91C02-4127-4C6E-9E4F-3F6EA6480628}.Release|x64.ActiveCfg = Release|Any CPU
		{9AC91C02-4127-4C6E-9E4F-3F6EA6480628}.Release|x64.Build.0 = Release|Any CPU
		{9AC91C02-4127-4C6E-9E4F-3F6EA6480628}.Release|x86.ActiveCfg = Release|Any CPU
		{9AC91C02-4127-4C6E-9E4F-3F6EA6480628}.Release|x86.Build.0 = Release|Any CPU
		{DAEBF254-D8C3-4636-AF31-6ACCECB14654}.Debug|Any CPU.ActiveCfg = Debug|Any CPU
		{DAEBF254-D8C3-4636-AF31-6ACCECB14654}.Debug|Any CPU.Build.0 = Debug|Any CPU
		{DAEBF254-D8C3-4636-AF31-6ACCECB14654}.Debug|x64.ActiveCfg = Debug|Any CPU
		{DAEBF254-D8C3-4636-AF31-6ACCECB14654}.Debug|x64.Build.0 = Debug|Any CPU
		{DAEBF254-D8C3-4636-AF31-6ACCECB14654}.Debug|x86.ActiveCfg = Debug|Any CPU
		{DAEBF254-D8C3-4636-AF31-6ACCECB14654}.Debug|x86.Build.0 = Debug|Any CPU
		{DAEBF254-D8C3-4636-AF31-6ACCECB14654}.Release|Any CPU.ActiveCfg = Release|Any CPU
		{DAEBF254-D8C3-4636-AF31-6ACCECB14654}.Release|Any CPU.Build.0 = Release|Any CPU
		{DAEBF254-D8C3-4636-AF31-6ACCECB14654}.Release|x64.ActiveCfg = Release|Any CPU
		{DAEBF254-D8C3-4636-AF31-6ACCECB14654}.Release|x64.Build.0 = Release|Any CPU
		{DAEBF254-D8C3-4636-AF31-6ACCECB14654}.Release|x86.ActiveCfg = Release|Any CPU
		{DAEBF254-D8C3-4636-AF31-6ACCECB14654}.Release|x86.Build.0 = Release|Any CPU
	EndGlobalSection
	GlobalSection(SolutionProperties) = preSolution
		HideSolutionNode = FALSE
	EndGlobalSection
	GlobalSection(NestedProjects) = preSolution
		{1C366011-E5A1-4667-95D2-554AF6CD8320} = {827E0CD3-B72D-47B6-A68D-7590B98EB39B}
		{0055906E-2956-4A0A-B46B-D744E1BE0C08} = {827E0CD3-B72D-47B6-A68D-7590B98EB39B}
		{D1D32221-F7DD-436E-BA3D-0072564F14CF} = {827E0CD3-B72D-47B6-A68D-7590B98EB39B}
		{F9F856B8-7944-481C-8E0B-489AB898DAA0} = {827E0CD3-B72D-47B6-A68D-7590B98EB39B}
		{DCB2E64E-58CA-4DDF-8B2A-4292A73B9238} = {827E0CD3-B72D-47B6-A68D-7590B98EB39B}
		{B972ECFE-99A6-4E53-86C6-523C0F5E1FDD} = {827E0CD3-B72D-47B6-A68D-7590B98EB39B}
		{379099C1-9AC2-4BF6-8527-DB54BD9B6024} = {827E0CD3-B72D-47B6-A68D-7590B98EB39B}
		{0747476C-415B-4407-B250-34C424FD5475} = {827E0CD3-B72D-47B6-A68D-7590B98EB39B}
		{23738780-211D-494B-90AB-ECCEC5621C45} = {827E0CD3-B72D-47B6-A68D-7590B98EB39B}
		{9AC91C02-4127-4C6E-9E4F-3F6EA6480628} = {827E0CD3-B72D-47B6-A68D-7590B98EB39B}
		{DAEBF254-D8C3-4636-AF31-6ACCECB14654} = {827E0CD3-B72D-47B6-A68D-7590B98EB39B}
	EndGlobalSection
EndGlobal
